// !$*UTF8*$!
{
	archiveVersion = 1;
	classes = {
	};
	objectVersion = 55;
	objects = {

/* Begin PBXBuildFile section */
		F7A0722E278F191800C5C191 /* TheCatApp.swift in Sources */ = {isa = PBXBuildFile; fileRef = F7A0722D278F191800C5C191 /* TheCatApp.swift */; };
		F7A07230278F191800C5C191 /* ContentView.swift in Sources */ = {isa = PBXBuildFile; fileRef = F7A0722F278F191800C5C191 /* ContentView.swift */; };
		F7A07232278F191A00C5C191 /* Assets.xcassets in Resources */ = {isa = PBXBuildFile; fileRef = F7A07231278F191A00C5C191 /* Assets.xcassets */; };
		F7A07235278F191A00C5C191 /* Preview Assets.xcassets in Resources */ = {isa = PBXBuildFile; fileRef = F7A07234278F191A00C5C191 /* Preview Assets.xcassets */; };
		F7A0723F278F1A4900C5C191 /* Breed.swift in Sources */ = {isa = PBXBuildFile; fileRef = F7A0723E278F1A4900C5C191 /* Breed.swift */; };
		F7A07241278F1A6900C5C191 /* BreedImage.swift in Sources */ = {isa = PBXBuildFile; fileRef = F7A07240278F1A6900C5C191 /* BreedImage.swift */; };
		F7A07243278F1C2B00C5C191 /* BreedFetcher.swift in Sources */ = {isa = PBXBuildFile; fileRef = F7A07242278F1C2B00C5C191 /* BreedFetcher.swift */; };
		F7A07245278F202E00C5C191 /* BreedListView.swift in Sources */ = {isa = PBXBuildFile; fileRef = F7A07244278F202E00C5C191 /* BreedListView.swift */; };
		F7A07247278F205700C5C191 /* ErrorView.swift in Sources */ = {isa = PBXBuildFile; fileRef = F7A07246278F205700C5C191 /* ErrorView.swift */; };
		F7A07249278F206000C5C191 /* LoadingView.swift in Sources */ = {isa = PBXBuildFile; fileRef = F7A07248278F206000C5C191 /* LoadingView.swift */; };
		F7A0724B278F245700C5C191 /* APIError.swift in Sources */ = {isa = PBXBuildFile; fileRef = F7A0724A278F245700C5C191 /* APIError.swift */; };
		F7A0724D278F289400C5C191 /* APIService.swift in Sources */ = {isa = PBXBuildFile; fileRef = F7A0724C278F289400C5C191 /* APIService.swift */; };
		F7A0724F278F370B00C5C191 /* BreedRow.swift in Sources */ = {isa = PBXBuildFile; fileRef = F7A0724E278F370B00C5C191 /* BreedRow.swift */; };
		F7A07251278F371500C5C191 /* BreedDetailView.swift in Sources */ = {isa = PBXBuildFile; fileRef = F7A07250278F371500C5C191 /* BreedDetailView.swift */; };
/* End PBXBuildFile section */

/* Begin PBXFileReference section */
		F7A0722A278F191800C5C191 /* TheCat.app */ = {isa = PBXFileReference; explicitFileType = wrapper.application; includeInIndex = 0; path = TheCat.app; sourceTree = BUILT_PRODUCTS_DIR; };
		F7A0722D278F191800C5C191 /* TheCatApp.swift */ = {isa = PBXFileReference; lastKnownFileType = sourcecode.swift; path = TheCatApp.swift; sourceTree = "<group>"; };
		F7A0722F278F191800C5C191 /* ContentView.swift */ = {isa = PBXFileReference; lastKnownFileType = sourcecode.swift; path = ContentView.swift; sourceTree = "<group>"; };
		F7A07231278F191A00C5C191 /* Assets.xcassets */ = {isa = PBXFileReference; lastKnownFileType = folder.assetcatalog; path = Assets.xcassets; sourceTree = "<group>"; };
		F7A07234278F191A00C5C191 /* Preview Assets.xcassets */ = {isa = PBXFileReference; lastKnownFileType = folder.assetcatalog; path = "Preview Assets.xcassets"; sourceTree = "<group>"; };
		F7A0723E278F1A4900C5C191 /* Breed.swift */ = {isa = PBXFileReference; lastKnownFileType = sourcecode.swift; path = Breed.swift; sourceTree = "<group>"; };
		F7A07240278F1A6900C5C191 /* BreedImage.swift */ = {isa = PBXFileReference; lastKnownFileType = sourcecode.swift; path = BreedImage.swift; sourceTree = "<group>"; };
		F7A07242278F1C2B00C5C191 /* BreedFetcher.swift */ = {isa = PBXFileReference; lastKnownFileType = sourcecode.swift; path = BreedFetcher.swift; sourceTree = "<group>"; };
		F7A07244278F202E00C5C191 /* BreedListView.swift */ = {isa = PBXFileReference; lastKnownFileType = sourcecode.swift; path = BreedListView.swift; sourceTree = "<group>"; };
		F7A07246278F205700C5C191 /* ErrorView.swift */ = {isa = PBXFileReference; lastKnownFileType = sourcecode.swift; path = ErrorView.swift; sourceTree = "<group>"; };
		F7A07248278F206000C5C191 /* LoadingView.swift */ = {isa = PBXFileReference; lastKnownFileType = sourcecode.swift; path = LoadingView.swift; sourceTree = "<group>"; };
		F7A0724A278F245700C5C191 /* APIError.swift */ = {isa = PBXFileReference; lastKnownFileType = sourcecode.swift; path = APIError.swift; sourceTree = "<group>"; };
		F7A0724C278F289400C5C191 /* APIService.swift */ = {isa = PBXFileReference; lastKnownFileType = sourcecode.swift; path = APIService.swift; sourceTree = "<group>"; };
		F7A0724E278F370B00C5C191 /* BreedRow.swift */ = {isa = PBXFileReference; lastKnownFileType = sourcecode.swift; path = BreedRow.swift; sourceTree = "<group>"; };
		F7A07250278F371500C5C191 /* BreedDetailView.swift */ = {isa = PBXFileReference; lastKnownFileType = sourcecode.swift; path = BreedDetailView.swift; sourceTree = "<group>"; };
/* End PBXFileReference section */

/* Begin PBXFrameworksBuildPhase section */
		F7A07227278F191800C5C191 /* Frameworks */ = {
			isa = PBXFrameworksBuildPhase;
			buildActionMask = 2147483647;
			files = (
			);
			runOnlyForDeploymentPostprocessing = 0;
		};
/* End PBXFrameworksBuildPhase section */

/* Begin PBXGroup section */
		F7A07221278F191800C5C191 = {
			isa = PBXGroup;
			children = (
				F7A0722C278F191800C5C191 /* TheCat */,
				F7A0722B278F191800C5C191 /* Products */,
			);
			sourceTree = "<group>";
		};
		F7A0722B278F191800C5C191 /* Products */ = {
			isa = PBXGroup;
			children = (
				F7A0722A278F191800C5C191 /* TheCat.app */,
			);
			name = Products;
			sourceTree = "<group>";
		};
		F7A0722C278F191800C5C191 /* TheCat */ = {
			isa = PBXGroup;
			children = (
				F7A0723D278F194200C5C191 /* View */,
				F7A0723C278F193A00C5C191 /* ViewModel */,
				F7A0723B278F193100C5C191 /* Model */,
				F7A0722D278F191800C5C191 /* TheCatApp.swift */,
				F7A0722F278F191800C5C191 /* ContentView.swift */,
				F7A07231278F191A00C5C191 /* Assets.xcassets */,
				F7A07233278F191A00C5C191 /* Preview Content */,
			);
			path = TheCat;
			sourceTree = "<group>";
		};
		F7A07233278F191A00C5C191 /* Preview Content */ = {
			isa = PBXGroup;
			children = (
				F7A07234278F191A00C5C191 /* Preview Assets.xcassets */,
			);
			path = "Preview Content";
			sourceTree = "<group>";
		};
		F7A0723B278F193100C5C191 /* Model */ = {
			isa = PBXGroup;
			children = (
				F7A0723E278F1A4900C5C191 /* Breed.swift */,
				F7A07240278F1A6900C5C191 /* BreedImage.swift */,
			);
			path = Model;
			sourceTree = "<group>";
		};
		F7A0723C278F193A00C5C191 /* ViewModel */ = {
			isa = PBXGroup;
			children = (
				F7A07242278F1C2B00C5C191 /* BreedFetcher.swift */,
				F7A0724C278F289400C5C191 /* APIService.swift */,
				F7A0724A278F245700C5C191 /* APIError.swift */,
			);
			path = ViewModel;
			sourceTree = "<group>";
		};
		F7A0723D278F194200C5C191 /* View */ = {
			isa = PBXGroup;
			children = (
				F7A07244278F202E00C5C191 /* BreedListView.swift */,
				F7A07246278F205700C5C191 /* ErrorView.swift */,
				F7A07248278F206000C5C191 /* LoadingView.swift */,
				F7A0724E278F370B00C5C191 /* BreedRow.swift */,
				F7A07250278F371500C5C191 /* BreedDetailView.swift */,
			);
			path = View;
			sourceTree = "<group>";
		};
/* End PBXGroup section */

/* Begin PBXNativeTarget section */
		F7A07229278F191800C5C191 /* TheCat */ = {
			isa = PBXNativeTarget;
			buildConfigurationList = F7A07238278F191A00C5C191 /* Build configuration list for PBXNativeTarget "TheCat" */;
			buildPhases = (
				F7A07226278F191800C5C191 /* Sources */,
				F7A07227278F191800C5C191 /* Frameworks */,
				F7A07228278F191800C5C191 /* Resources */,
			);
			buildRules = (
			);
			dependencies = (
			);
			name = TheCat;
			productName = TheCat;
			productReference = F7A0722A278F191800C5C191 /* TheCat.app */;
			productType = "com.apple.product-type.application";
		};
/* End PBXNativeTarget section */

/* Begin PBXProject section */
		F7A07222278F191800C5C191 /* Project object */ = {
			isa = PBXProject;
			attributes = {
				BuildIndependentTargetsInParallel = 1;
				LastSwiftUpdateCheck = 1320;
				LastUpgradeCheck = 1320;
				TargetAttributes = {
					F7A07229278F191800C5C191 = {
						CreatedOnToolsVersion = 13.2.1;
					};
				};
			};
			buildConfigurationList = F7A07225278F191800C5C191 /* Build configuration list for PBXProject "TheCat" */;
			compatibilityVersion = "Xcode 13.0";
			developmentRegion = en;
			hasScannedForEncodings = 0;
			knownRegions = (
				en,
				Base,
			);
			mainGroup = F7A07221278F191800C5C191;
			productRefGroup = F7A0722B278F191800C5C191 /* Products */;
			projectDirPath = "";
			projectRoot = "";
			targets = (
				F7A07229278F191800C5C191 /* TheCat */,
			);
		};
/* End PBXProject section */

/* Begin PBXResourcesBuildPhase section */
		F7A07228278F191800C5C191 /* Resources */ = {
			isa = PBXResourcesBuildPhase;
			buildActionMask = 2147483647;
			files = (
				F7A07235278F191A00C5C191 /* Preview Assets.xcassets in Resources */,
				F7A07232278F191A00C5C191 /* Assets.xcassets in Resources */,
			);
			runOnlyForDeploymentPostprocessing = 0;
		};
/* End PBXResourcesBuildPhase section */

/* Begin PBXSourcesBuildPhase section */
		F7A07226278F191800C5C191 /* Sources */ = {
			isa = PBXSourcesBuildPhase;
			buildActionMask = 2147483647;
			files = (
				F7A07241278F1A6900C5C191 /* BreedImage.swift in Sources */,
				F7A0723F278F1A4900C5C191 /* Breed.swift in Sources */,
				F7A0724F278F370B00C5C191 /* BreedRow.swift in Sources */,
				F7A07230278F191800C5C191 /* ContentView.swift in Sources */,
				F7A07251278F371500C5C191 /* BreedDetailView.swift in Sources */,
				F7A07243278F1C2B00C5C191 /* BreedFetcher.swift in Sources */,
				F7A0724D278F289400C5C191 /* APIService.swift in Sources */,
				F7A07247278F205700C5C191 /* ErrorView.swift in Sources */,
				F7A07249278F206000C5C191 /* LoadingView.swift in Sources */,
				F7A0722E278F191800C5C191 /* TheCatApp.swift in Sources */,
				F7A07245278F202E00C5C191 /* BreedListView.swift in Sources */,
				F7A0724B278F245700C5C191 /* APIError.swift in Sources */,
			);
			runOnlyForDeploymentPostprocessing = 0;
		};
/* End PBXSourcesBuildPhase section */

/* Begin XCBuildConfiguration section */
		F7A07236278F191A00C5C191 /* Debug */ = {
			isa = XCBuildConfiguration;
			buildSettings = {
				ALWAYS_SEARCH_USER_PATHS = NO;
				CLANG_ANALYZER_NONNULL = YES;
				CLANG_ANALYZER_NUMBER_OBJECT_CONVERSION = YES_AGGRESSIVE;
				CLANG_CXX_LANGUAGE_STANDARD = "gnu++17";
				CLANG_CXX_LIBRARY = "libc++";
				CLANG_ENABLE_MODULES = YES;
				CLANG_ENABLE_OBJC_ARC = YES;
				CLANG_ENABLE_OBJC_WEAK = YES;
				CLANG_WARN_BLOCK_CAPTURE_AUTORELEASING = YES;
				CLANG_WARN_BOOL_CONVERSION = YES;
				CLANG_WARN_COMMA = YES;
				CLANG_WARN_CONSTANT_CONVERSION = YES;
				CLANG_WARN_DEPRECATED_OBJC_IMPLEMENTATIONS = YES;
				CLANG_WARN_DIRECT_OBJC_ISA_USAGE = YES_ERROR;
				CLANG_WARN_DOCUMENTATION_COMMENTS = YES;
				CLANG_WARN_EMPTY_BODY = YES;
				CLANG_WARN_ENUM_CONVERSION = YES;
				CLANG_WARN_INFINITE_RECURSION = YES;
				CLANG_WARN_INT_CONVERSION = YES;
				CLANG_WARN_NON_LITERAL_NULL_CONVERSION = YES;
				CLANG_WARN_OBJC_IMPLICIT_RETAIN_SELF = YES;
				CLANG_WARN_OBJC_LITERAL_CONVERSION = YES;
				CLANG_WARN_OBJC_ROOT_CLASS = YES_ERROR;
				CLANG_WARN_QUOTED_INCLUDE_IN_FRAMEWORK_HEADER = YES;
				CLANG_WARN_RANGE_LOOP_ANALYSIS = YES;
				CLANG_WARN_STRICT_PROTOTYPES = YES;
				CLANG_WARN_SUSPICIOUS_MOVE = YES;
				CLANG_WARN_UNGUARDED_AVAILABILITY = YES_AGGRESSIVE;
				CLANG_WARN_UNREACHABLE_CODE = YES;
				CLANG_WARN__DUPLICATE_METHOD_MATCH = YES;
				COPY_PHASE_STRIP = NO;
				DEBUG_INFORMATION_FORMAT = dwarf;
				ENABLE_STRICT_OBJC_MSGSEND = YES;
				ENABLE_TESTABILITY = YES;
				GCC_C_LANGUAGE_STANDARD = gnu11;
				GCC_DYNAMIC_NO_PIC = NO;
				GCC_NO_COMMON_BLOCKS = YES;
				GCC_OPTIMIZATION_LEVEL = 0;
				GCC_PREPROCESSOR_DEFINITIONS = (
					"DEBUG=1",
					"$(inherited)",
				);
				GCC_WARN_64_TO_32_BIT_CONVERSION = YES;
				GCC_WARN_ABOUT_RETURN_TYPE = YES_ERROR;
				GCC_WARN_UNDECLARED_SELECTOR = YES;
				GCC_WARN_UNINITIALIZED_AUTOS = YES_AGGRESSIVE;
				GCC_WARN_UNUSED_FUNCTION = YES;
				GCC_WARN_UNUSED_VARIABLE = YES;
				IPHONEOS_DEPLOYMENT_TARGET = 15.2;
				MTL_ENABLE_DEBUG_INFO = INCLUDE_SOURCE;
				MTL_FAST_MATH = YES;
				ONLY_ACTIVE_ARCH = YES;
				SDKROOT = iphoneos;
				SWIFT_ACTIVE_COMPILATION_CONDITIONS = DEBUG;
				SWIFT_OPTIMIZATION_LEVEL = "-Onone";
			};
			name = Debug;
		};
		F7A07237278F191A00C5C191 /* Release */ = {
			isa = XCBuildConfiguration;
			buildSettings = {
				ALWAYS_SEARCH_USER_PATHS = NO;
				CLANG_ANALYZER_NONNULL = YES;
				CLANG_ANALYZER_NUMBER_OBJECT_CONVERSION = YES_AGGRESSIVE;
				CLANG_CXX_LANGUAGE_STANDARD = "gnu++17";
				CLANG_CXX_LIBRARY = "libc++";
				CLANG_ENABLE_MODULES = YES;
				CLANG_ENABLE_OBJC_ARC = YES;
				CLANG_ENABLE_OBJC_WEAK = YES;
				CLANG_WARN_BLOCK_CAPTURE_AUTORELEASING = YES;
				CLANG_WARN_BOOL_CONVERSION = YES;
				CLANG_WARN_COMMA = YES;
				CLANG_WARN_CONSTANT_CONVERSION = YES;
				CLANG_WARN_DEPRECATED_OBJC_IMPLEMENTATIONS = YES;
				CLANG_WARN_DIRECT_OBJC_ISA_USAGE = YES_ERROR;
				CLANG_WARN_DOCUMENTATION_COMMENTS = YES;
				CLANG_WARN_EMPTY_BODY = YES;
				CLANG_WARN_ENUM_CONVERSION = YES;
				CLANG_WARN_INFINITE_RECURSION = YES;
				CLANG_WARN_INT_CONVERSION = YES;
				CLANG_WARN_NON_LITERAL_NULL_CONVERSION = YES;
				CLANG_WARN_OBJC_IMPLICIT_RETAIN_SELF = YES;
				CLANG_WARN_OBJC_LITERAL_CONVERSION = YES;
				CLANG_WARN_OBJC_ROOT_CLASS = YES_ERROR;
				CLANG_WARN_QUOTED_INCLUDE_IN_FRAMEWORK_HEADER = YES;
				CLANG_WARN_RANGE_LOOP_ANALYSIS = YES;
				CLANG_WARN_STRICT_PROTOTYPES = YES;
				CLANG_WARN_SUSPICIOUS_MOVE = YES;
				CLANG_WARN_UNGUARDED_AVAILABILITY = YES_AGGRESSIVE;
				CLANG_WARN_UNREACHABLE_CODE = YES;
				CLANG_WARN__DUPLICATE_METHOD_MATCH = YES;
				COPY_PHASE_STRIP = NO;
				DEBUG_INFORMATION_FORMAT = "dwarf-with-dsym";
				ENABLE_NS_ASSERTIONS = NO;
				ENABLE_STRICT_OBJC_MSGSEND = YES;
				GCC_C_LANGUAGE_STANDARD = gnu11;
				GCC_NO_COMMON_BLOCKS = YES;
				GCC_WARN_64_TO_32_BIT_CONVERSION = YES;
				GCC_WARN_ABOUT_RETURN_TYPE = YES_ERROR;
				GCC_WARN_UNDECLARED_SELECTOR = YES;
				GCC_WARN_UNINITIALIZED_AUTOS = YES_AGGRESSIVE;
				GCC_WARN_UNUSED_FUNCTION = YES;
				GCC_WARN_UNUSED_VARIABLE = YES;
				IPHONEOS_DEPLOYMENT_TARGET = 15.2;
				MTL_ENABLE_DEBUG_INFO = NO;
				MTL_FAST_MATH = YES;
				SDKROOT = iphoneos;
				SWIFT_COMPILATION_MODE = wholemodule;
				SWIFT_OPTIMIZATION_LEVEL = "-O";
				VALIDATE_PRODUCT = YES;
			};
			name = Release;
		};
		F7A07239278F191A00C5C191 /* Debug */ = {
			isa = XCBuildConfiguration;
			buildSettings = {
				ASSETCATALOG_COMPILER_APPICON_NAME = AppIcon;
				ASSETCATALOG_COMPILER_GLOBAL_ACCENT_COLOR_NAME = AccentColor;
				CODE_SIGN_STYLE = Automatic;
				CURRENT_PROJECT_VERSION = 1;
				DEVELOPMENT_ASSET_PATHS = "\"TheCat/Preview Content\"";
				DEVELOPMENT_TEAM = 5KQGTJX2K7;
				ENABLE_PREVIEWS = YES;
				GENERATE_INFOPLIST_FILE = YES;
				INFOPLIST_KEY_UIApplicationSceneManifest_Generation = YES;
				INFOPLIST_KEY_UIApplicationSupportsIndirectInputEvents = YES;
				INFOPLIST_KEY_UILaunchScreen_Generation = YES;
				INFOPLIST_KEY_UISupportedInterfaceOrientations_iPad = "UIInterfaceOrientationPortrait UIInterfaceOrientationPortraitUpsideDown UIInterfaceOrientationLandscapeLeft UIInterfaceOrientationLandscapeRight";
				INFOPLIST_KEY_UISupportedInterfaceOrientations_iPhone = "UIInterfaceOrientationPortrait UIInterfaceOrientationLandscapeLeft UIInterfaceOrientationLandscapeRight";
				LD_RUNPATH_SEARCH_PATHS = (
					"$(inherited)",
					"@executable_path/Frameworks",
				);
				MARKETING_VERSION = 1.0;
				PRODUCT_BUNDLE_IDENTIFIER = com.rendiwijiatmoko.TheCat;
				PRODUCT_NAME = "$(TARGET_NAME)";
				SWIFT_EMIT_LOC_STRINGS = YES;
				SWIFT_VERSION = 5.0;
				TARGETED_DEVICE_FAMILY = "1,2";
			};
			name = Debug;
		};
		F7A0723A278F191A00C5C191 /* Release */ = {
			isa = XCBuildConfiguration;
			buildSettings = {
				ASSETCATALOG_COMPILER_APPICON_NAME = AppIcon;
				ASSETCATALOG_COMPILER_GLOBAL_ACCENT_COLOR_NAME = AccentColor;
				CODE_SIGN_STYLE = Automatic;
				CURRENT_PROJECT_VERSION = 1;
				DEVELOPMENT_ASSET_PATHS = "\"TheCat/Preview Content\"";
				DEVELOPMENT_TEAM = 5KQGTJX2K7;
				ENABLE_PREVIEWS = YES;
				GENERATE_INFOPLIST_FILE = YES;
				INFOPLIST_KEY_UIApplicationSceneManifest_Generation = YES;
				INFOPLIST_KEY_UIApplicationSupportsIndirectInputEvents = YES;
				INFOPLIST_KEY_UILaunchScreen_Generation = YES;
				INFOPLIST_KEY_UISupportedInterfaceOrientations_iPad = "UIInterfaceOrientationPortrait UIInterfaceOrientationPortraitUpsideDown UIInterfaceOrientationLandscapeLeft UIInterfaceOrientationLandscapeRight";
				INFOPLIST_KEY_UISupportedInterfaceOrientations_iPhone = "UIInterfaceOrientationPortrait UIInterfaceOrientationLandscapeLeft UIInterfaceOrientationLandscapeRight";
				LD_RUNPATH_SEARCH_PATHS = (
					"$(inherited)",
					"@executable_path/Frameworks",
				);
				MARKETING_VERSION = 1.0;
				PRODUCT_BUNDLE_IDENTIFIER = com.rendiwijiatmoko.TheCat;
				PRODUCT_NAME = "$(TARGET_NAME)";
				SWIFT_EMIT_LOC_STRINGS = YES;
				SWIFT_VERSION = 5.0;
				TARGETED_DEVICE_FAMILY = "1,2";
			};
			name = Release;
		};
/* End XCBuildConfiguration section */

/* Begin XCConfigurationList section */
		F7A07225278F191800C5C191 /* Build configuration list for PBXProject "TheCat" */ = {
			isa = XCConfigurationList;
			buildConfigurations = (
				F7A07236278F191A00C5C191 /* Debug */,
				F7A07237278F191A00C5C191 /* Release */,
			);
			defaultConfigurationIsVisible = 0;
			defaultConfigurationName = Release;
		};
		F7A07238278F191A00C5C191 /* Build configuration list for PBXNativeTarget "TheCat" */ = {
			isa = XCConfigurationList;
			buildConfigurations = (
				F7A07239278F191A00C5C191 /* Debug */,
				F7A0723A278F191A00C5C191 /* Release */,
			);
			defaultConfigurationIsVisible = 0;
			defaultConfigurationName = Release;
		};
/* End XCConfigurationList section */
	};
	rootObject = F7A07222278F191800C5C191 /* Project object */;
}
